
Microsoft Visual Studio Solution File, Format Version 12.00
# Visual Studio Version 17
VisualStudioVersion = 17.14.36121.58 d17.14
MinimumVisualStudioVersion = 10.0.40219.1
Project("{FAE04EC0-301F-11D3-BF4B-00C04F79EFBC}") = "ScreenSaver", "ScreenSaver\ScreenSaver.csproj", "{E88B5669-C640-4D06-9D7A-F360C3A0842B}"
EndProject
Global
	GlobalSection(SolutionConfigurationPlatforms) = preSolution
		Debug|Any CPU = Debug|Any CPU
		Release|Any CPU = Release|Any CPU
	EndGlobalSection
	GlobalSection(ProjectConfigurationPlatforms) = postSolution
		{E88B5669-C640-4D06-9D7A-F360C3A0842B}.Debug|Any CPU.ActiveCfg = Debug|Any CPU
		{E88B5669-C640-4D06-9D7A-F360C3A0842B}.Debug|Any CPU.Build.0 = Debug|Any CPU
		{E88B5669-C640-4D06-9D7A-F360C3A0842B}.Release|Any CPU.ActiveCfg = Release|Any CPU
		{E88B5669-C640-4D06-9D7A-F360C3A0842B}.Release|Any CPU.Build.0 = Release|Any CPU
	EndGlobalSection
	GlobalSection(SolutionProperties) = preSolution
		HideSolutionNode = FALSE
	EndGlobalSection
	GlobalSection(ExtensibilityGlobals) = postSolution
		SolutionGuid = {89660783-B0DD-438D-B5E3-F1ED9722755B}
	EndGlobalSection
EndGlobal
